
Microsoft Visual Studio Solution File, Format Version 12.00
# Visual Studio Version 16
VisualStudioVersion = 16.0.30406.217
MinimumVisualStudioVersion = 10.0.40219.1
Project("{FAE04EC0-301F-11D3-BF4B-00C04F79EFBC}") = "LaiLaiBear", "LaiLaiBear\LaiLaiBear.csproj", "{DD78E520-A707-45B1-901F-C9E511097960}"
EndProject
Project("{FAE04EC0-301F-11D3-BF4B-00C04F79EFBC}") = "Active", "Active\Active.csproj", "{A3D37D3D-0B4B-4785-AA54-96C18404272A}"
EndProject
Global
	GlobalSection(SolutionConfigurationPlatforms) = preSolution
		Debug|Any CPU = Debug|Any CPU
		Release|Any CPU = Release|Any CPU
	EndGlobalSection
	GlobalSection(ProjectConfigurationPlatforms) = postSolution
		{DD78E520-A707-45B1-901F-C9E511097960}.Debug|Any CPU.ActiveCfg = Debug|Any CPU
		{DD78E520-A707-45B1-901F-C9E511097960}.Debug|Any CPU.Build.0 = Debug|Any CPU
		{DD78E520-A707-45B1-901F-C9E511097960}.Release|Any CPU.ActiveCfg = Release|Any CPU
		{DD78E520-A707-45B1-901F-C9E511097960}.Release|Any CPU.Build.0 = Release|Any CPU
		{A3D37D3D-0B4B-4785-AA54-96C18404272A}.Debug|Any CPU.ActiveCfg = Debug|Any CPU
		{A3D37D3D-0B4B-4785-AA54-96C18404272A}.Debug|Any CPU.Build.0 = Debug|Any CPU
		{A3D37D3D-0B4B-4785-AA54-96C18404272A}.Release|Any CPU.ActiveCfg = Release|Any CPU
		{A3D37D3D-0B4B-4785-AA54-96C18404272A}.Release|Any CPU.Build.0 = Release|Any CPU
	EndGlobalSection
	GlobalSection(SolutionProperties) = preSolution
		HideSolutionNode = FALSE
	EndGlobalSection
	GlobalSection(ExtensibilityGlobals) = postSolution
		SolutionGuid = {1148B7FC-326E-4F6E-8F87-29F4E8069DF2}
	EndGlobalSection
EndGlobal
